
Microsoft Visual Studio Solution File, Format Version 12.00
# Visual Studio Version 17
VisualStudioVersion = 17.11.35327.3
MinimumVisualStudioVersion = 10.0.40219.1
Project("{FAE04EC0-301F-11D3-BF4B-00C04F79EFBC}") = "appPF_InventarioVetCare", "appPF_InventarioVetCare\appPF_InventarioVetCare.csproj", "{D443B9F7-4DC2-4AE8-826A-EB9F8CBDC296}"
EndProject
Global
	GlobalSection(SolutionConfigurationPlatforms) = preSolution
		Debug|Any CPU = Debug|Any CPU
		Release|Any CPU = Release|Any CPU
	EndGlobalSection
	GlobalSection(ProjectConfigurationPlatforms) = postSolution
		{D443B9F7-4DC2-4AE8-826A-EB9F8CBDC296}.Debug|Any CPU.ActiveCfg = Debug|Any CPU
		{D443B9F7-4DC2-4AE8-826A-EB9F8CBDC296}.Debug|Any CPU.Build.0 = Debug|Any CPU
		{D443B9F7-4DC2-4AE8-826A-EB9F8CBDC296}.Release|Any CPU.ActiveCfg = Release|Any CPU
		{D443B9F7-4DC2-4AE8-826A-EB9F8CBDC296}.Release|Any CPU.Build.0 = Release|Any CPU
	EndGlobalSection
	GlobalSection(SolutionProperties) = preSolution
		HideSolutionNode = FALSE
	EndGlobalSection
	GlobalSection(ExtensibilityGlobals) = postSolution
		SolutionGuid = {6BB0A612-08C3-45F3-A951-76576B3323DD}
	EndGlobalSection
EndGlobal
